schema: '2.0'
stages:
  train:
    cmd: python pretrained_model_tuner.py
    deps:
    - path: hymenoptera_data/
      md5: 70257f9e4b0b3ec72deeed5e1b880c3b.dir
      size: 47404368
      nfiles: 401
    - path: pretrained_model_tuner.py
      md5: 6a7177cbfc33bcbe3e0c28d0b9755166
      size: 7161
    params:
      params.yaml:
        batch_size: 10
        lr: 1
        model_name: squeezenet
        momentum: 0.1
        num_classes: 2
        num_epochs: 2
    outs:
    - path: model.pt
      md5: 4dd800feb897833aeb3ce264026a5857
      size: 2963849
    - path: results.json
      md5: b800a95292338499ad9a125b4b864521
      size: 105
