schema: '2.0'
stages:
  train:
    cmd: python pretrained_model_tuner.py
    deps:
    - path: hymenoptera_data/
      md5: 70257f9e4b0b3ec72deeed5e1b880c3b.dir
      size: 47404368
      nfiles: 401
    - path: pretrained_model_tuner.py
      md5: 4899813e787e8cc481ab343b3ce9fe5e
      size: 7437
    params:
      params.yaml:
        batch_size: 8
        lr: 0.001
        model_name: squeezenet
        momentum: 0.09
        num_classes: 2
        num_epochs: 2
    outs:
    - path: model.pt
      md5: da275164850a828239889c3ead6765f0
      size: 2963849
    - path: results
      md5: 463387add582a9ae9092e1ee12635b26.dir
      size: 122
      nfiles: 2
