schema: '2.0'
stages:
  train:
    cmd: python pretrained_model_tuner.py
    deps:
    - path: hymenoptera_data/
      md5: 5541a96fc6b9ced1bfc39f068d9e8a4f.dir
      size: 47385924
      nfiles: 398
    - path: pretrained_model_tuner.py
      md5: 6a7177cbfc33bcbe3e0c28d0b9755166
      size: 7161
    params:
      params.yaml:
        batch_size: 8
        lr: 0.001
        model_name: alexnet
        momentum: 0.1
        num_classes: 2
        num_epochs: 2
    outs:
    - path: model.pt
      md5: ad49e295df55dde7ed8f41f4b5f3cdf9
      size: 228053109
    - path: results.json
      md5: b575ed1cfdd509215bac85ea982777e7
      size: 106
